
Microsoft Visual Studio Solution File, Format Version 12.00
# Visual Studio Version 17
VisualStudioVersion = 17.6.33801.468
MinimumVisualStudioVersion = 10.0.40219.1
Project("{FAE04EC0-301F-11D3-BF4B-00C04F79EFBC}") = "Text to Objects", "Text to Objects\Text to Objects.csproj", "{A8DA3E66-A365-4660-BCD0-09899537D15A}"
EndProject
Global
	GlobalSection(SolutionConfigurationPlatforms) = preSolution
		Debug|Any CPU = Debug|Any CPU
		Release|Any CPU = Release|Any CPU
	EndGlobalSection
	GlobalSection(ProjectConfigurationPlatforms) = postSolution
		{A8DA3E66-A365-4660-BCD0-09899537D15A}.Debug|Any CPU.ActiveCfg = Debug|Any CPU
		{A8DA3E66-A365-4660-BCD0-09899537D15A}.Debug|Any CPU.Build.0 = Debug|Any CPU
		{A8DA3E66-A365-4660-BCD0-09899537D15A}.Release|Any CPU.ActiveCfg = Release|Any CPU
		{A8DA3E66-A365-4660-BCD0-09899537D15A}.Release|Any CPU.Build.0 = Release|Any CPU
	EndGlobalSection
	GlobalSection(SolutionProperties) = preSolution
		HideSolutionNode = FALSE
	EndGlobalSection
	GlobalSection(ExtensibilityGlobals) = postSolution
		SolutionGuid = {A39B69C0-B7AA-4306-B2BB-51DB7B10C347}
	EndGlobalSection
EndGlobal
